
Microsoft Visual Studio Solution File, Format Version 12.00
# Visual Studio Version 16
Project("{8BC9CEB8-8B4A-11D0-8D11-00A0C91BC942}") = "ALL_BUILD", "ALL_BUILD.vcxproj", "{D38A2085-CC57-3E47-917B-E6DF85994B0D}"
	ProjectSection(ProjectDependencies) = postProject
		{9E05C746-562C-3D73-9477-BCB36E8A3D3B} = {9E05C746-562C-3D73-9477-BCB36E8A3D3B}
		{627B3EB4-A32C-3B95-8A78-C66483778E5E} = {627B3EB4-A32C-3B95-8A78-C66483778E5E}
		{01CD68B4-C9A8-3F23-AD86-8C39003DB070} = {01CD68B4-C9A8-3F23-AD86-8C39003DB070}
		{1ABC7238-68F8-3956-899E-BECFAB1FFC84} = {1ABC7238-68F8-3956-899E-BECFAB1FFC84}
	EndProjectSection
EndProject
Project("{8BC9CEB8-8B4A-11D0-8D11-00A0C91BC942}") = "ZERO_CHECK", "ZERO_CHECK.vcxproj", "{9E05C746-562C-3D73-9477-BCB36E8A3D3B}"
	ProjectSection(ProjectDependencies) = postProject
	EndProjectSection
EndProject
Project("{8BC9CEB8-8B4A-11D0-8D11-00A0C91BC942}") = "besteng", "besteng.vcxproj", "{627B3EB4-A32C-3B95-8A78-C66483778E5E}"
	ProjectSection(ProjectDependencies) = postProject
		{9E05C746-562C-3D73-9477-BCB36E8A3D3B} = {9E05C746-562C-3D73-9477-BCB36E8A3D3B}
		{1ABC7238-68F8-3956-899E-BECFAB1FFC84} = {1ABC7238-68F8-3956-899E-BECFAB1FFC84}
	EndProjectSection
EndProject
Project("{8BC9CEB8-8B4A-11D0-8D11-00A0C91BC942}") = "demo", "demo.vcxproj", "{01CD68B4-C9A8-3F23-AD86-8C39003DB070}"
	ProjectSection(ProjectDependencies) = postProject
		{9E05C746-562C-3D73-9477-BCB36E8A3D3B} = {9E05C746-562C-3D73-9477-BCB36E8A3D3B}
		{627B3EB4-A32C-3B95-8A78-C66483778E5E} = {627B3EB4-A32C-3B95-8A78-C66483778E5E}
		{1ABC7238-68F8-3956-899E-BECFAB1FFC84} = {1ABC7238-68F8-3956-899E-BECFAB1FFC84}
	EndProjectSection
EndProject
Project("{8BC9CEB8-8B4A-11D0-8D11-00A0C91BC942}") = "rend", "rend.vcxproj", "{1ABC7238-68F8-3956-899E-BECFAB1FFC84}"
	ProjectSection(ProjectDependencies) = postProject
		{9E05C746-562C-3D73-9477-BCB36E8A3D3B} = {9E05C746-562C-3D73-9477-BCB36E8A3D3B}
	EndProjectSection
EndProject
Global
	GlobalSection(SolutionConfigurationPlatforms) = preSolution
		Debug|x64 = Debug|x64
		Release|x64 = Release|x64
		MinSizeRel|x64 = MinSizeRel|x64
		RelWithDebInfo|x64 = RelWithDebInfo|x64
	EndGlobalSection
	GlobalSection(ProjectConfigurationPlatforms) = postSolution
		{D38A2085-CC57-3E47-917B-E6DF85994B0D}.Debug|x64.ActiveCfg = Debug|x64
		{D38A2085-CC57-3E47-917B-E6DF85994B0D}.Release|x64.ActiveCfg = Release|x64
		{D38A2085-CC57-3E47-917B-E6DF85994B0D}.MinSizeRel|x64.ActiveCfg = MinSizeRel|x64
		{D38A2085-CC57-3E47-917B-E6DF85994B0D}.RelWithDebInfo|x64.ActiveCfg = RelWithDebInfo|x64
		{9E05C746-562C-3D73-9477-BCB36E8A3D3B}.Debug|x64.ActiveCfg = Debug|x64
		{9E05C746-562C-3D73-9477-BCB36E8A3D3B}.Debug|x64.Build.0 = Debug|x64
		{9E05C746-562C-3D73-9477-BCB36E8A3D3B}.Release|x64.ActiveCfg = Release|x64
		{9E05C746-562C-3D73-9477-BCB36E8A3D3B}.Release|x64.Build.0 = Release|x64
		{9E05C746-562C-3D73-9477-BCB36E8A3D3B}.MinSizeRel|x64.ActiveCfg = MinSizeRel|x64
		{9E05C746-562C-3D73-9477-BCB36E8A3D3B}.MinSizeRel|x64.Build.0 = MinSizeRel|x64
		{9E05C746-562C-3D73-9477-BCB36E8A3D3B}.RelWithDebInfo|x64.ActiveCfg = RelWithDebInfo|x64
		{9E05C746-562C-3D73-9477-BCB36E8A3D3B}.RelWithDebInfo|x64.Build.0 = RelWithDebInfo|x64
		{627B3EB4-A32C-3B95-8A78-C66483778E5E}.Debug|x64.ActiveCfg = Debug|x64
		{627B3EB4-A32C-3B95-8A78-C66483778E5E}.Debug|x64.Build.0 = Debug|x64
		{627B3EB4-A32C-3B95-8A78-C66483778E5E}.Release|x64.ActiveCfg = Release|x64
		{627B3EB4-A32C-3B95-8A78-C66483778E5E}.Release|x64.Build.0 = Release|x64
		{627B3EB4-A32C-3B95-8A78-C66483778E5E}.MinSizeRel|x64.ActiveCfg = MinSizeRel|x64
		{627B3EB4-A32C-3B95-8A78-C66483778E5E}.MinSizeRel|x64.Build.0 = MinSizeRel|x64
		{627B3EB4-A32C-3B95-8A78-C66483778E5E}.RelWithDebInfo|x64.ActiveCfg = RelWithDebInfo|x64
		{627B3EB4-A32C-3B95-8A78-C66483778E5E}.RelWithDebInfo|x64.Build.0 = RelWithDebInfo|x64
		{01CD68B4-C9A8-3F23-AD86-8C39003DB070}.Debug|x64.ActiveCfg = Debug|x64
		{01CD68B4-C9A8-3F23-AD86-8C39003DB070}.Debug|x64.Build.0 = Debug|x64
		{01CD68B4-C9A8-3F23-AD86-8C39003DB070}.Release|x64.ActiveCfg = Release|x64
		{01CD68B4-C9A8-3F23-AD86-8C39003DB070}.Release|x64.Build.0 = Release|x64
		{01CD68B4-C9A8-3F23-AD86-8C39003DB070}.MinSizeRel|x64.ActiveCfg = MinSizeRel|x64
		{01CD68B4-C9A8-3F23-AD86-8C39003DB070}.MinSizeRel|x64.Build.0 = MinSizeRel|x64
		{01CD68B4-C9A8-3F23-AD86-8C39003DB070}.RelWithDebInfo|x64.ActiveCfg = RelWithDebInfo|x64
		{01CD68B4-C9A8-3F23-AD86-8C39003DB070}.RelWithDebInfo|x64.Build.0 = RelWithDebInfo|x64
		{1ABC7238-68F8-3956-899E-BECFAB1FFC84}.Debug|x64.ActiveCfg = Debug|x64
		{1ABC7238-68F8-3956-899E-BECFAB1FFC84}.Debug|x64.Build.0 = Debug|x64
		{1ABC7238-68F8-3956-899E-BECFAB1FFC84}.Release|x64.ActiveCfg = Release|x64
		{1ABC7238-68F8-3956-899E-BECFAB1FFC84}.Release|x64.Build.0 = Release|x64
		{1ABC7238-68F8-3956-899E-BECFAB1FFC84}.MinSizeRel|x64.ActiveCfg = MinSizeRel|x64
		{1ABC7238-68F8-3956-899E-BECFAB1FFC84}.MinSizeRel|x64.Build.0 = MinSizeRel|x64
		{1ABC7238-68F8-3956-899E-BECFAB1FFC84}.RelWithDebInfo|x64.ActiveCfg = RelWithDebInfo|x64
		{1ABC7238-68F8-3956-899E-BECFAB1FFC84}.RelWithDebInfo|x64.Build.0 = RelWithDebInfo|x64
	EndGlobalSection
	GlobalSection(ExtensibilityGlobals) = postSolution
		SolutionGuid = {95B7E5B9-7CAD-3CA6-9855-2F2B423CF2E6}
	EndGlobalSection
	GlobalSection(ExtensibilityAddIns) = postSolution
	EndGlobalSection
EndGlobal
